
Microsoft Visual Studio Solution File, Format Version 12.00
# Visual Studio 2012
Project("{FAE04EC0-301F-11D3-BF4B-00C04F79EFBC}") = "XBE.SplitTheBill.Core", "XBE.SplitTheBill.Core\XBE.SplitTheBill.Core.csproj", "{F26FBA43-A642-4439-AA9E-164B0A39742C}"
EndProject
Project("{FAE04EC0-301F-11D3-BF4B-00C04F79EFBC}") = "XBE.SplitTheBillView", "XBE.SplitTheBillView\XBE.SplitTheBillView.csproj", "{0B17695C-0AEB-476A-AD25-03FB13681BF3}"
EndProject
Project("{FAE04EC0-301F-11D3-BF4B-00C04F79EFBC}") = "XBE.SplitTheBillView.iOS", "iOS\XBE.SplitTheBillView.iOS.csproj", "{11AEC4FF-DDD3-4A7B-8105-30DA319785A8}"
EndProject
Project("{FAE04EC0-301F-11D3-BF4B-00C04F79EFBC}") = "XBE.SplitTheBillView.Droid", "Droid\XBE.SplitTheBillView.Droid.csproj", "{A82177BD-D3F3-48D6-AD1E-0A7F15FA1EC3}"
EndProject
Project("{FAE04EC0-301F-11D3-BF4B-00C04F79EFBC}") = "XBE.SplitTheBill.Tests", "XBE.SplitTheBill.Tests\XBE.SplitTheBill.Tests.csproj", "{66E8E2D1-3BAD-48CE-B748-86EB4048A189}"
EndProject
Global
	GlobalSection(SolutionConfigurationPlatforms) = preSolution
		Debug|Any CPU = Debug|Any CPU
		Release|Any CPU = Release|Any CPU
		Debug|iPhoneSimulator = Debug|iPhoneSimulator
		Release|iPhone = Release|iPhone
		Release|iPhoneSimulator = Release|iPhoneSimulator
		Debug|iPhone = Debug|iPhone
	EndGlobalSection
	GlobalSection(ProjectConfigurationPlatforms) = postSolution
		{F26FBA43-A642-4439-AA9E-164B0A39742C}.Debug|Any CPU.ActiveCfg = Debug|Any CPU
		{F26FBA43-A642-4439-AA9E-164B0A39742C}.Debug|Any CPU.Build.0 = Debug|Any CPU
		{F26FBA43-A642-4439-AA9E-164B0A39742C}.Release|Any CPU.ActiveCfg = Release|Any CPU
		{F26FBA43-A642-4439-AA9E-164B0A39742C}.Release|Any CPU.Build.0 = Release|Any CPU
		{F26FBA43-A642-4439-AA9E-164B0A39742C}.Debug|iPhoneSimulator.ActiveCfg = Debug|Any CPU
		{F26FBA43-A642-4439-AA9E-164B0A39742C}.Debug|iPhoneSimulator.Build.0 = Debug|Any CPU
		{F26FBA43-A642-4439-AA9E-164B0A39742C}.Release|iPhone.ActiveCfg = Release|Any CPU
		{F26FBA43-A642-4439-AA9E-164B0A39742C}.Release|iPhone.Build.0 = Release|Any CPU
		{F26FBA43-A642-4439-AA9E-164B0A39742C}.Release|iPhoneSimulator.ActiveCfg = Release|Any CPU
		{F26FBA43-A642-4439-AA9E-164B0A39742C}.Release|iPhoneSimulator.Build.0 = Release|Any CPU
		{F26FBA43-A642-4439-AA9E-164B0A39742C}.Debug|iPhone.ActiveCfg = Debug|Any CPU
		{F26FBA43-A642-4439-AA9E-164B0A39742C}.Debug|iPhone.Build.0 = Debug|Any CPU
		{0B17695C-0AEB-476A-AD25-03FB13681BF3}.Debug|Any CPU.ActiveCfg = Debug|Any CPU
		{0B17695C-0AEB-476A-AD25-03FB13681BF3}.Debug|Any CPU.Build.0 = Debug|Any CPU
		{0B17695C-0AEB-476A-AD25-03FB13681BF3}.Release|Any CPU.ActiveCfg = Release|Any CPU
		{0B17695C-0AEB-476A-AD25-03FB13681BF3}.Release|Any CPU.Build.0 = Release|Any CPU
		{0B17695C-0AEB-476A-AD25-03FB13681BF3}.Debug|iPhoneSimulator.ActiveCfg = Debug|Any CPU
		{0B17695C-0AEB-476A-AD25-03FB13681BF3}.Debug|iPhoneSimulator.Build.0 = Debug|Any CPU
		{0B17695C-0AEB-476A-AD25-03FB13681BF3}.Release|iPhone.ActiveCfg = Release|Any CPU
		{0B17695C-0AEB-476A-AD25-03FB13681BF3}.Release|iPhone.Build.0 = Release|Any CPU
		{0B17695C-0AEB-476A-AD25-03FB13681BF3}.Release|iPhoneSimulator.ActiveCfg = Release|Any CPU
		{0B17695C-0AEB-476A-AD25-03FB13681BF3}.Release|iPhoneSimulator.Build.0 = Release|Any CPU
		{0B17695C-0AEB-476A-AD25-03FB13681BF3}.Debug|iPhone.ActiveCfg = Debug|Any CPU
		{0B17695C-0AEB-476A-AD25-03FB13681BF3}.Debug|iPhone.Build.0 = Debug|Any CPU
		{11AEC4FF-DDD3-4A7B-8105-30DA319785A8}.Debug|Any CPU.ActiveCfg = Debug|iPhoneSimulator
		{11AEC4FF-DDD3-4A7B-8105-30DA319785A8}.Debug|Any CPU.Build.0 = Debug|iPhoneSimulator
		{11AEC4FF-DDD3-4A7B-8105-30DA319785A8}.Release|Any CPU.ActiveCfg = Release|iPhone
		{11AEC4FF-DDD3-4A7B-8105-30DA319785A8}.Release|Any CPU.Build.0 = Release|iPhone
		{11AEC4FF-DDD3-4A7B-8105-30DA319785A8}.Debug|iPhoneSimulator.ActiveCfg = Debug|iPhoneSimulator
		{11AEC4FF-DDD3-4A7B-8105-30DA319785A8}.Debug|iPhoneSimulator.Build.0 = Debug|iPhoneSimulator
		{11AEC4FF-DDD3-4A7B-8105-30DA319785A8}.Release|iPhone.ActiveCfg = Release|iPhone
		{11AEC4FF-DDD3-4A7B-8105-30DA319785A8}.Release|iPhone.Build.0 = Release|iPhone
		{11AEC4FF-DDD3-4A7B-8105-30DA319785A8}.Release|iPhoneSimulator.ActiveCfg = Release|iPhoneSimulator
		{11AEC4FF-DDD3-4A7B-8105-30DA319785A8}.Release|iPhoneSimulator.Build.0 = Release|iPhoneSimulator
		{11AEC4FF-DDD3-4A7B-8105-30DA319785A8}.Debug|iPhone.ActiveCfg = Debug|iPhone
		{11AEC4FF-DDD3-4A7B-8105-30DA319785A8}.Debug|iPhone.Build.0 = Debug|iPhone
		{A82177BD-D3F3-48D6-AD1E-0A7F15FA1EC3}.Debug|Any CPU.ActiveCfg = Debug|Any CPU
		{A82177BD-D3F3-48D6-AD1E-0A7F15FA1EC3}.Debug|Any CPU.Build.0 = Debug|Any CPU
		{A82177BD-D3F3-48D6-AD1E-0A7F15FA1EC3}.Release|Any CPU.ActiveCfg = Release|Any CPU
		{A82177BD-D3F3-48D6-AD1E-0A7F15FA1EC3}.Release|Any CPU.Build.0 = Release|Any CPU
		{A82177BD-D3F3-48D6-AD1E-0A7F15FA1EC3}.Debug|iPhoneSimulator.ActiveCfg = Debug|Any CPU
		{A82177BD-D3F3-48D6-AD1E-0A7F15FA1EC3}.Debug|iPhoneSimulator.Build.0 = Debug|Any CPU
		{A82177BD-D3F3-48D6-AD1E-0A7F15FA1EC3}.Release|iPhone.ActiveCfg = Release|Any CPU
		{A82177BD-D3F3-48D6-AD1E-0A7F15FA1EC3}.Release|iPhone.Build.0 = Release|Any CPU
		{A82177BD-D3F3-48D6-AD1E-0A7F15FA1EC3}.Release|iPhoneSimulator.ActiveCfg = Release|Any CPU
		{A82177BD-D3F3-48D6-AD1E-0A7F15FA1EC3}.Release|iPhoneSimulator.Build.0 = Release|Any CPU
		{A82177BD-D3F3-48D6-AD1E-0A7F15FA1EC3}.Debug|iPhone.ActiveCfg = Debug|Any CPU
		{A82177BD-D3F3-48D6-AD1E-0A7F15FA1EC3}.Debug|iPhone.Build.0 = Debug|Any CPU
		{66E8E2D1-3BAD-48CE-B748-86EB4048A189}.Debug|Any CPU.ActiveCfg = Debug|Any CPU
		{66E8E2D1-3BAD-48CE-B748-86EB4048A189}.Debug|Any CPU.Build.0 = Debug|Any CPU
		{66E8E2D1-3BAD-48CE-B748-86EB4048A189}.Release|Any CPU.ActiveCfg = Release|Any CPU
		{66E8E2D1-3BAD-48CE-B748-86EB4048A189}.Release|Any CPU.Build.0 = Release|Any CPU
		{66E8E2D1-3BAD-48CE-B748-86EB4048A189}.Debug|iPhoneSimulator.ActiveCfg = Debug|Any CPU
		{66E8E2D1-3BAD-48CE-B748-86EB4048A189}.Debug|iPhoneSimulator.Build.0 = Debug|Any CPU
		{66E8E2D1-3BAD-48CE-B748-86EB4048A189}.Release|iPhone.ActiveCfg = Release|Any CPU
		{66E8E2D1-3BAD-48CE-B748-86EB4048A189}.Release|iPhone.Build.0 = Release|Any CPU
		{66E8E2D1-3BAD-48CE-B748-86EB4048A189}.Release|iPhoneSimulator.ActiveCfg = Release|Any CPU
		{66E8E2D1-3BAD-48CE-B748-86EB4048A189}.Release|iPhoneSimulator.Build.0 = Release|Any CPU
		{66E8E2D1-3BAD-48CE-B748-86EB4048A189}.Debug|iPhone.ActiveCfg = Debug|Any CPU
		{66E8E2D1-3BAD-48CE-B748-86EB4048A189}.Debug|iPhone.Build.0 = Debug|Any CPU
	EndGlobalSection
EndGlobal
